
Microsoft Visual Studio Solution File, Format Version 12.00
# Visual Studio Version 17
VisualStudioVersion = 17.9.34714.143
MinimumVisualStudioVersion = 10.0.40219.1
Project("{9A19103F-16F7-4668-BE54-9A1E7A4F7556}") = "Aula2407", "Aula2407\Aula2407.csproj", "{BD572FE2-5460-44CB-9849-51777E332F6D}"
EndProject
Global
	GlobalSection(SolutionConfigurationPlatforms) = preSolution
		Debug|Any CPU = Debug|Any CPU
		Release|Any CPU = Release|Any CPU
	EndGlobalSection
	GlobalSection(ProjectConfigurationPlatforms) = postSolution
		{BD572FE2-5460-44CB-9849-51777E332F6D}.Debug|Any CPU.ActiveCfg = Debug|Any CPU
		{BD572FE2-5460-44CB-9849-51777E332F6D}.Debug|Any CPU.Build.0 = Debug|Any CPU
		{BD572FE2-5460-44CB-9849-51777E332F6D}.Release|Any CPU.ActiveCfg = Release|Any CPU
		{BD572FE2-5460-44CB-9849-51777E332F6D}.Release|Any CPU.Build.0 = Release|Any CPU
	EndGlobalSection
	GlobalSection(SolutionProperties) = preSolution
		HideSolutionNode = FALSE
	EndGlobalSection
	GlobalSection(ExtensibilityGlobals) = postSolution
		SolutionGuid = {1C6C237A-6181-40DC-8BBB-91C3C2A61435}
	EndGlobalSection
EndGlobal
